
Microsoft Visual Studio Solution File, Format Version 12.00
# Visual Studio Version 17
VisualStudioVersion = 17.14.37411.7 d17.14
MinimumVisualStudioVersion = 10.0.40219.1
Project("{FAE04EC0-301F-11D3-BF4B-00C04F79EFBC}") = "Level6", "Level6\Level6.csproj", "{9856CB21-EDF3-435A-BF15-A815082D0ACB}"
EndProject
Global
	GlobalSection(SolutionConfigurationPlatforms) = preSolution
		Debug|Any CPU = Debug|Any CPU
		Release|Any CPU = Release|Any CPU
	EndGlobalSection
	GlobalSection(ProjectConfigurationPlatforms) = postSolution
		{9856CB21-EDF3-435A-BF15-A815082D0ACB}.Debug|Any CPU.ActiveCfg = Debug|Any CPU
		{9856CB21-EDF3-435A-BF15-A815082D0ACB}.Debug|Any CPU.Build.0 = Debug|Any CPU
		{9856CB21-EDF3-435A-BF15-A815082D0ACB}.Release|Any CPU.ActiveCfg = Release|Any CPU
		{9856CB21-EDF3-435A-BF15-A815082D0ACB}.Release|Any CPU.Build.0 = Release|Any CPU
	EndGlobalSection
	GlobalSection(SolutionProperties) = preSolution
		HideSolutionNode = FALSE
	EndGlobalSection
	GlobalSection(ExtensibilityGlobals) = postSolution
		SolutionGuid = {F2DDC2BD-6502-4498-B3FF-68DDDBA11FF5}
	EndGlobalSection
EndGlobal
